// !$*UTF8*$!
{
	archiveVersion = 1;
	classes = {
	};
	objectVersion = 46;
	objects = {

/* Begin PBXBuildFile section */
		2C0135A91C61E28B006E8B8B /* AppDelegate.swift in Sources */ = {isa = PBXBuildFile; fileRef = 2C0135A81C61E28B006E8B8B /* AppDelegate.swift */; };
		2C0135AB1C61E28B006E8B8B /* ViewController.swift in Sources */ = {isa = PBXBuildFile; fileRef = 2C0135AA1C61E28B006E8B8B /* ViewController.swift */; };
		2C0135AE1C61E28B006E8B8B /* Main.storyboard in Resources */ = {isa = PBXBuildFile; fileRef = 2C0135AC1C61E28B006E8B8B /* Main.storyboard */; };
		2C0135B01C61E28B006E8B8B /* Assets.xcassets in Resources */ = {isa = PBXBuildFile; fileRef = 2C0135AF1C61E28B006E8B8B /* Assets.xcassets */; };
		2C0135B31C61E28B006E8B8B /* LaunchScreen.storyboard in Resources */ = {isa = PBXBuildFile; fileRef = 2C0135B11C61E28B006E8B8B /* LaunchScreen.storyboard */; };
/* End PBXBuildFile section */

/* Begin PBXFileReference section */
		2C0135A51C61E28B006E8B8B /* Yelp.app */ = {isa = PBXFileReference; explicitFileType = wrapper.application; includeInIndex = 0; path = Yelp.app; sourceTree = BUILT_PRODUCTS_DIR; };
		2C0135A81C61E28B006E8B8B /* AppDelegate.swift */ = {isa = PBXFileReference; lastKnownFileType = sourcecode.swift; path = AppDelegate.swift; sourceTree = "<group>"; };
		2C0135AA1C61E28B006E8B8B /* ViewController.swift */ = {isa = PBXFileReference; lastKnownFileType = sourcecode.swift; path = ViewController.swift; sourceTree = "<group>"; };
		2C0135AD1C61E28B006E8B8B /* Base */ = {isa = PBXFileReference; lastKnownFileType = file.storyboard; name = Base; path = Base.lproj/Main.storyboard; sourceTree = "<group>"; };
		2C0135AF1C61E28B006E8B8B /* Assets.xcassets */ = {isa = PBXFileReference; lastKnownFileType = folder.assetcatalog; path = Assets.xcassets; sourceTree = "<group>"; };
		2C0135B21C61E28B006E8B8B /* Base */ = {isa = PBXFileReference; lastKnownFileType = file.storyboard; name = Base; path = Base.lproj/LaunchScreen.storyboard; sourceTree = "<group>"; };
		2C0135B41C61E28B006E8B8B /* Info.plist */ = {isa = PBXFileReference; lastKnownFileType = text.plist.xml; path = Info.plist; sourceTree = "<group>"; };
/* End PBXFileReference section */

/* Begin PBXFrameworksBuildPhase section */
		2C0135A21C61E28B006E8B8B /* Frameworks */ = {
			isa = PBXFrameworksBuildPhase;
			buildActionMask = 2147483647;
			files = (
			);
			runOnlyForDeploymentPostprocessing = 0;
		};
/* End PBXFrameworksBuildPhase section */

/* Begin PBXGroup section */
		2C01359C1C61E28B006E8B8B = {
			isa = PBXGroup;
			children = (
				2C0135A71C61E28B006E8B8B /* Yelp */,
				2C0135A61C61E28B006E8B8B /* Products */,
			);
			sourceTree = "<group>";
		};
		2C0135A61C61E28B006E8B8B /* Products */ = {
			isa = PBXGroup;
			children = (
				2C0135A51C61E28B006E8B8B /* Yelp.app */,
			);
			name = Products;
			sourceTree = "<group>";
		};
		2C0135A71C61E28B006E8B8B /* Yelp */ = {
			isa = PBXGroup;
			children = (
				2C0135A81C61E28B006E8B8B /* AppDelegate.swift */,
				2C0135AA1C61E28B006E8B8B /* ViewController.swift */,
				2C0135AC1C61E28B006E8B8B /* Main.storyboard */,
				2C0135AF1C61E28B006E8B8B /* Assets.xcassets */,
				2C0135B11C61E28B006E8B8B /* LaunchScreen.storyboard */,
				2C0135B41C61E28B006E8B8B /* Info.plist */,
			);
			path = Yelp;
			sourceTree = "<group>";
		};
/* End PBXGroup section */

/* Begin PBXNativeTarget section */
		2C0135A41C61E28B006E8B8B /* Yelp */ = {
			isa = PBXNativeTarget;
			buildConfigurationList = 2C0135B71C61E28B006E8B8B /* Build configuration list for PBXNativeTarget "Yelp" */;
			buildPhases = (
				2C0135A11C61E28B006E8B8B /* Sources */,
				2C0135A21C61E28B006E8B8B /* Frameworks */,
				2C0135A31C61E28B006E8B8B /* Resources */,
			);
			buildRules = (
			);
			dependencies = (
			);
			name = Yelp;
			productName = Yelp;
			productReference = 2C0135A51C61E28B006E8B8B /* Yelp.app */;
			productType = "com.apple.product-type.application";
		};
/* End PBXNativeTarget section */

/* Begin PBXProject section */
		2C01359D1C61E28B006E8B8B /* Project object */ = {
			isa = PBXProject;
			attributes = {
				LastSwiftUpdateCheck = 0720;
				LastUpgradeCheck = 0720;
				ORGANIZATIONNAME = "Anurag Nanda";
				TargetAttributes = {
					2C0135A41C61E28B006E8B8B = {
						CreatedOnToolsVersion = 7.2;
					};
				};
			};
			buildConfigurationList = 2C0135A01C61E28B006E8B8B /* Build configuration list for PBXProject "Yelp" */;
			compatibilityVersion = "Xcode 3.2";
			developmentRegion = English;
			hasScannedForEncodings = 0;
			knownRegions = (
				en,
				Base,
			);
			mainGroup = 2C01359C1C61E28B006E8B8B;
			productRefGroup = 2C0135A61C61E28B006E8B8B /* Products */;
			projectDirPath = "";
			projectRoot = "";
			targets = (
				2C0135A41C61E28B006E8B8B /* Yelp */,
			);
		};
/* End PBXProject section */

/* Begin PBXResourcesBuildPhase section */
		2C0135A31C61E28B006E8B8B /* Resources */ = {
			isa = PBXResourcesBuildPhase;
			buildActionMask = 2147483647;
			files = (
				2C0135B31C61E28B006E8B8B /* LaunchScreen.storyboard in Resources */,
				2C0135B01C61E28B006E8B8B /* Assets.xcassets in Resources */,
				2C0135AE1C61E28B006E8B8B /* Main.storyboard in Resources */,
			);
			runOnlyForDeploymentPostprocessing = 0;
		};
/* End PBXResourcesBuildPhase section */

/* Begin PBXSourcesBuildPhase section */
		2C0135A11C61E28B006E8B8B /* Sources */ = {
			isa = PBXSourcesBuildPhase;
			buildActionMask = 2147483647;
			files = (
				2C0135AB1C61E28B006E8B8B /* ViewController.swift in Sources */,
				2C0135A91C61E28B006E8B8B /* AppDelegate.swift in Sources */,
			);
			runOnlyForDeploymentPostprocessing = 0;
		};
/* End PBXSourcesBuildPhase section */

/* Begin PBXVariantGroup section */
		2C0135AC1C61E28B006E8B8B /* Main.storyboard */ = {
			isa = PBXVariantGroup;
			children = (
				2C0135AD1C61E28B006E8B8B /* Base */,
			);
			name = Main.storyboard;
			sourceTree = "<group>";
		};
		2C0135B11C61E28B006E8B8B /* LaunchScreen.storyboard */ = {
			isa = PBXVariantGroup;
			children = (
				2C0135B21C61E28B006E8B8B /* Base */,
			);
			name = LaunchScreen.storyboard;
			sourceTree = "<group>";
		};
/* End PBXVariantGroup section */

/* Begin XCBuildConfiguration section */
		2C0135B51C61E28B006E8B8B /* Debug */ = {
			isa = XCBuildConfiguration;
			buildSettings = {
				ALWAYS_SEARCH_USER_PATHS = NO;
				CLANG_CXX_LANGUAGE_STANDARD = "gnu++0x";
				CLANG_CXX_LIBRARY = "libc++";
				CLANG_ENABLE_MODULES = YES;
				CLANG_ENABLE_OBJC_ARC = YES;
				CLANG_WARN_BOOL_CONVERSION = YES;
				CLANG_WARN_CONSTANT_CONVERSION = YES;
				CLANG_WARN_DIRECT_OBJC_ISA_USAGE = YES_ERROR;
				CLANG_WARN_EMPTY_BODY = YES;
				CLANG_WARN_ENUM_CONVERSION = YES;
				CLANG_WARN_INT_CONVERSION = YES;
				CLANG_WARN_OBJC_ROOT_CLASS = YES_ERROR;
				CLANG_WARN_UNREACHABLE_CODE = YES;
				CLANG_WARN__DUPLICATE_METHOD_MATCH = YES;
				"CODE_SIGN_IDENTITY[sdk=iphoneos*]" = "iPhone Developer";
				COPY_PHASE_STRIP = NO;
				DEBUG_INFORMATION_FORMAT = dwarf;
				ENABLE_STRICT_OBJC_MSGSEND = YES;
				ENABLE_TESTABILITY = YES;
				GCC_C_LANGUAGE_STANDARD = gnu99;
				GCC_DYNAMIC_NO_PIC = NO;
				GCC_NO_COMMON_BLOCKS = YES;
				GCC_OPTIMIZATION_LEVEL = 0;
				GCC_PREPROCESSOR_DEFINITIONS = (
					"DEBUG=1",
					"$(inherited)",
				);
				GCC_WARN_64_TO_32_BIT_CONVERSION = YES;
				GCC_WARN_ABOUT_RETURN_TYPE = YES_ERROR;
				GCC_WARN_UNDECLARED_SELECTOR = YES;
				GCC_WARN_UNINITIALIZED_AUTOS = YES_AGGRESSIVE;
				GCC_WARN_UNUSED_FUNCTION = YES;
				GCC_WARN_UNUSED_VARIABLE = YES;
				IPHONEOS_DEPLOYMENT_TARGET = 9.2;
				MTL_ENABLE_DEBUG_INFO = YES;
				ONLY_ACTIVE_ARCH = YES;
				SDKROOT = iphoneos;
				SWIFT_OPTIMIZATION_LEVEL = "-Onone";
			};
			name = Debug;
		};
		2C0135B61C61E28B006E8B8B /* Release */ = {
			isa = XCBuildConfiguration;
			buildSettings = {
				ALWAYS_SEARCH_USER_PATHS = NO;
				CLANG_CXX_LANGUAGE_STANDARD = "gnu++0x";
				CLANG_CXX_LIBRARY = "libc++";
				CLANG_ENABLE_MODULES = YES;
				CLANG_ENABLE_OBJC_ARC = YES;
				CLANG_WARN_BOOL_CONVERSION = YES;
				CLANG_WARN_CONSTANT_CONVERSION = YES;
				CLANG_WARN_DIRECT_OBJC_ISA_USAGE = YES_ERROR;
				CLANG_WARN_EMPTY_BODY = YES;
				CLANG_WARN_ENUM_CONVERSION = YES;
				CLANG_WARN_INT_CONVERSION = YES;
				CLANG_WARN_OBJC_ROOT_CLASS = YES_ERROR;
				CLANG_WARN_UNREACHABLE_CODE = YES;
				CLANG_WARN__DUPLICATE_METHOD_MATCH = YES;
				"CODE_SIGN_IDENTITY[sdk=iphoneos*]" = "iPhone Developer";
				COPY_PHASE_STRIP = NO;
				DEBUG_INFORMATION_FORMAT = "dwarf-with-dsym";
				ENABLE_NS_ASSERTIONS = NO;
				ENABLE_STRICT_OBJC_MSGSEND = YES;
				GCC_C_LANGUAGE_STANDARD = gnu99;
				GCC_NO_COMMON_BLOCKS = YES;
				GCC_WARN_64_TO_32_BIT_CONVERSION = YES;
				GCC_WARN_ABOUT_RETURN_TYPE = YES_ERROR;
				GCC_WARN_UNDECLARED_SELECTOR = YES;
				GCC_WARN_UNINITIALIZED_AUTOS = YES_AGGRESSIVE;
				GCC_WARN_UNUSED_FUNCTION = YES;
				GCC_WARN_UNUSED_VARIABLE = YES;
				IPHONEOS_DEPLOYMENT_TARGET = 9.2;
				MTL_ENABLE_DEBUG_INFO = NO;
				SDKROOT = iphoneos;
				VALIDATE_PRODUCT = YES;
			};
			name = Release;
		};
		2C0135B81C61E28B006E8B8B /* Debug */ = {
			isa = XCBuildConfiguration;
			buildSettings = {
				ASSETCATALOG_COMPILER_APPICON_NAME = AppIcon;
				INFOPLIST_FILE = Yelp/Info.plist;
				LD_RUNPATH_SEARCH_PATHS = "$(inherited) @executable_path/Frameworks";
				PRODUCT_BUNDLE_IDENTIFIER = apptifier.Yelp;
				PRODUCT_NAME = "$(TARGET_NAME)";
			};
			name = Debug;
		};
		2C0135B91C61E28B006E8B8B /* Release */ = {
			isa = XCBuildConfiguration;
			buildSettings = {
				ASSETCATALOG_COMPILER_APPICON_NAME = AppIcon;
				INFOPLIST_FILE = Yelp/Info.plist;
				LD_RUNPATH_SEARCH_PATHS = "$(inherited) @executable_path/Frameworks";
				PRODUCT_BUNDLE_IDENTIFIER = apptifier.Yelp;
				PRODUCT_NAME = "$(TARGET_NAME)";
			};
			name = Release;
		};
/* End XCBuildConfiguration section */

/* Begin XCConfigurationList section */
		2C0135A01C61E28B006E8B8B /* Build configuration list for PBXProject "Yelp" */ = {
			isa = XCConfigurationList;
			buildConfigurations = (
				2C0135B51C61E28B006E8B8B /* Debug */,
				2C0135B61C61E28B006E8B8B /* Release */,
			);
			defaultConfigurationIsVisible = 0;
			defaultConfigurationName = Release;
		};
		2C0135B71C61E28B006E8B8B /* Build configuration list for PBXNativeTarget "Yelp" */ = {
			isa = XCConfigurationList;
			buildConfigurations = (
				2C0135B81C61E28B006E8B8B /* Debug */,
				2C0135B91C61E28B006E8B8B /* Release */,
			);
			defaultConfigurationIsVisible = 0;
		};
/* End XCConfigurationList section */
	};
	rootObject = 2C01359D1C61E28B006E8B8B /* Project object */;
}
